
Microsoft Visual Studio Solution File, Format Version 12.00
# Visual Studio Version 16
VisualStudioVersion = 16.0.34301.259
MinimumVisualStudioVersion = 10.0.40219.1
Project("{FAE04EC0-301F-11D3-BF4B-00C04F79EFBC}") = "WebApplication1", "WebApplication1\WebApplication1.csproj", "{C09CAF53-0999-4799-9F96-6410AF292554}"
EndProject
Global
	GlobalSection(SolutionConfigurationPlatforms) = preSolution
		Debug|Any CPU = Debug|Any CPU
		Release|Any CPU = Release|Any CPU
	EndGlobalSection
	GlobalSection(ProjectConfigurationPlatforms) = postSolution
		{C09CAF53-0999-4799-9F96-6410AF292554}.Debug|Any CPU.ActiveCfg = Debug|Any CPU
		{C09CAF53-0999-4799-9F96-6410AF292554}.Debug|Any CPU.Build.0 = Debug|Any CPU
		{C09CAF53-0999-4799-9F96-6410AF292554}.Release|Any CPU.ActiveCfg = Release|Any CPU
		{C09CAF53-0999-4799-9F96-6410AF292554}.Release|Any CPU.Build.0 = Release|Any CPU
	EndGlobalSection
	GlobalSection(SolutionProperties) = preSolution
		HideSolutionNode = FALSE
	EndGlobalSection
	GlobalSection(ExtensibilityGlobals) = postSolution
		SolutionGuid = {99CF79FB-490C-4D6F-8301-3C1FBA69D6D8}
	EndGlobalSection
EndGlobal
